{
  "originHash" : "754cc41fe1f0fc882b8e3b683799591947fc82a2b34d2db6337e0e1708767efd",
  "pins" : [
    {
      "identity" : "opencv-spm",
      "kind" : "remoteSourceControl",
      "location" : "https://github.com/yeatse/opencv-spm.git",
      "state" : {
        "revision" : "dd26dba92773b39488768888c107e5ef6b0e7c1b",
        "version" : "4.10.0"
      }
    },
    {
      "identity" : "smbase_package",
      "kind" : "remoteSourceControl",
      "location" : "https://bitbucket.org/sencyai/smbase_package",
      "state" : {
        "revision" : "430505569e3b6f00023d06a2a7f13f1f5409ab1d",
        "version" : "0.5.6"
      }
    },
    {
      "identity" : "smkit_package",
      "kind" : "remoteSourceControl",
      "location" : "https://bitbucket.org/sencyai/smkit_package",
      "state" : {
        "revision" : "03f3e2f15362e7d4a991611d214e577be2749ea9",
        "version" : "0.2.3"
      }
    },
    {
      "identity" : "swiftyjson",
      "kind" : "remoteSourceControl",
      "location" : "https://github.com/SwiftyJSON/SwiftyJSON.git",
      "state" : {
        "revision" : "af76cf3ef710b6ca5f8c05f3a31307d44a3c5828",
        "version" : "5.0.2"
      }
    }
  ],
  "version" : 3
}
