{
  "originHash" : "754cc41fe1f0fc882b8e3b683799591947fc82a2b34d2db6337e0e1708767efd",
  "pins" : [
    {
      "identity" : "opencv-spm",
      "kind" : "remoteSourceControl",
      "location" : "https://github.com/yeatse/opencv-spm.git",
      "state" : {
        "revision" : "151a5374946aa867ff3892e0d69fd85e1ecdaf2e",
        "version" : "4.13.0"
      }
    },
    {
      "identity" : "smbase_package",
      "kind" : "remoteSourceControl",
      "location" : "https://bitbucket.org/sencyai/smbase_package",
      "state" : {
        "revision" : "9bd26b8ac6cdfe7a7b58f456b3a6827b6754deee",
        "version" : "0.7.3"
      }
    },
    {
      "identity" : "smkit_package",
      "kind" : "remoteSourceControl",
      "location" : "https://bitbucket.org/sencyai/smkit_package",
      "state" : {
        "revision" : "365244e6e9a28ce25e92a80d3c20cac31b77f16c",
        "version" : "0.3.9"
      }
    },
    {
      "identity" : "swiftyjson",
      "kind" : "remoteSourceControl",
      "location" : "https://github.com/SwiftyJSON/SwiftyJSON.git",
      "state" : {
        "revision" : "af76cf3ef710b6ca5f8c05f3a31307d44a3c5828",
        "version" : "5.0.2"
      }
    }
  ],
  "version" : 3
}
