// !$*UTF8*$!
{
	archiveVersion = 1;
	classes = {
	};
	objectVersion = 56;
	objects = {

/* Begin PBXBuildFile section */
		AA1111112BCD1D5100E47B8F /* SMKitPackage in Frameworks */ = {isa = PBXBuildFile; productRef = AA1111102BCD1D5100E47B8F /* SMKitPackage */; };
		AA2222212BCD1D5100E47B8F /* SMBasePackage in Frameworks */ = {isa = PBXBuildFile; productRef = AA2222202BCD1D5100E47B8F /* SMBasePackage */; };
		BE23AE262D083F7500BFAD8B /* VideoRecorder.swift in Sources */ = {isa = PBXBuildFile; fileRef = BE23AE252D083F7500BFAD8B /* VideoRecorder.swift */; };
		BE23AE282D0840C200BFAD8B /* ViewRecorder.swift in Sources */ = {isa = PBXBuildFile; fileRef = BE23AE272D0840C200BFAD8B /* ViewRecorder.swift */; };
		BE23AE2A2D08419B00BFAD8B /* SceneKitRecorder.swift in Sources */ = {isa = PBXBuildFile; fileRef = BE23AE292D08419800BFAD8B /* SceneKitRecorder.swift */; };
		BE4042622C6B743600E2B675 /* SM3DInfoViewModel.swift in Sources */ = {isa = PBXBuildFile; fileRef = BE4042612C6B743600E2B675 /* SM3DInfoViewModel.swift */; };
		BE4042642C6B745200E2B675 /* SM3DSkeleton.swift in Sources */ = {isa = PBXBuildFile; fileRef = BE4042632C6B745200E2B675 /* SM3DSkeleton.swift */; };
		BE4042662C6B74E100E2B675 /* SM3DExerciseViewController.swift in Sources */ = {isa = PBXBuildFile; fileRef = BE4042652C6B74E100E2B675 /* SM3DExerciseViewController.swift */; };
		BE4042682C6B768000E2B675 /* WelcomeViewController.swift in Sources */ = {isa = PBXBuildFile; fileRef = BE4042672C6B768000E2B675 /* WelcomeViewController.swift */; };
		BE40426A2C6B7AEC00E2B675 /* WelcomeView.swift in Sources */ = {isa = PBXBuildFile; fileRef = BE4042692C6B7AEC00E2B675 /* WelcomeView.swift */; };
		BE4B12E82CB7D982008F2131 /* KitDataHolder.swift in Sources */ = {isa = PBXBuildFile; fileRef = BE4B12E72CB7D980008F2131 /* KitDataHolder.swift */; };
		BEB762EF2C36892A009222EA /* AuthManager.swift in Sources */ = {isa = PBXBuildFile; fileRef = BEB762E52C36892A009222EA /* AuthManager.swift */; };
		BEB762F02C36892A009222EA /* ExerciseIndicatorView.swift in Sources */ = {isa = PBXBuildFile; fileRef = BEB762E72C36892A009222EA /* ExerciseIndicatorView.swift */; };
		BEB762F12C36892A009222EA /* ExerciseTimerView.swift in Sources */ = {isa = PBXBuildFile; fileRef = BEB762E82C36892A009222EA /* ExerciseTimerView.swift */; };
		BEB762F22C36892A009222EA /* ExerciseView.swift in Sources */ = {isa = PBXBuildFile; fileRef = BEB762E92C36892A009222EA /* ExerciseView.swift */; };
		BEB762F32C36892A009222EA /* StrokeModifier.swift in Sources */ = {isa = PBXBuildFile; fileRef = BEB762EA2C36892A009222EA /* StrokeModifier.swift */; };
		BEB762F42C36892A009222EA /* SummaryScreen.swift in Sources */ = {isa = PBXBuildFile; fileRef = BEB762EB2C36892A009222EA /* SummaryScreen.swift */; };
		BEB762F52C36892A009222EA /* Pre2DExerciseView.swift in Sources */ = {isa = PBXBuildFile; fileRef = BEB762EC2C36892A009222EA /* Pre2DExerciseView.swift */; };
		BEB762F62C36892A009222EA /* Pre2DExerciseViewController.swift in Sources */ = {isa = PBXBuildFile; fileRef = BEB762ED2C36892A009222EA /* Pre2DExerciseViewController.swift */; };
		BEB762F82C368973009222EA /* ExerciseViewController.swift in Sources */ = {isa = PBXBuildFile; fileRef = BEB762F72C368973009222EA /* ExerciseViewController.swift */; };
		BEC0983D2BCD1D5100E47B8F /* AppDelegate.swift in Sources */ = {isa = PBXBuildFile; fileRef = BEC0983C2BCD1D5100E47B8F /* AppDelegate.swift */; };
		BEC0983F2BCD1D5100E47B8F /* SceneDelegate.swift in Sources */ = {isa = PBXBuildFile; fileRef = BEC0983E2BCD1D5100E47B8F /* SceneDelegate.swift */; };
		BEC098412BCD1D5100E47B8F /* ViewController.swift in Sources */ = {isa = PBXBuildFile; fileRef = BEC098402BCD1D5100E47B8F /* ViewController.swift */; };
		BEC098442BCD1D5100E47B8F /* Base in Resources */ = {isa = PBXBuildFile; fileRef = BEC098432BCD1D5100E47B8F /* Base */; };
		BEC098462BCD1D5200E47B8F /* Assets.xcassets in Resources */ = {isa = PBXBuildFile; fileRef = BEC098452BCD1D5200E47B8F /* Assets.xcassets */; };
		BEC098492BCD1D5200E47B8F /* Base in Resources */ = {isa = PBXBuildFile; fileRef = BEC098482BCD1D5200E47B8F /* Base */; };
/* End PBXBuildFile section */

/* Begin PBXFileReference section */
		BE23AE252D083F7500BFAD8B /* VideoRecorder.swift */ = {isa = PBXFileReference; lastKnownFileType = sourcecode.swift; path = VideoRecorder.swift; sourceTree = "<group>"; };
		BE23AE272D0840C200BFAD8B /* ViewRecorder.swift */ = {isa = PBXFileReference; lastKnownFileType = sourcecode.swift; path = ViewRecorder.swift; sourceTree = "<group>"; };
		BE23AE292D08419800BFAD8B /* SceneKitRecorder.swift */ = {isa = PBXFileReference; lastKnownFileType = sourcecode.swift; path = SceneKitRecorder.swift; sourceTree = "<group>"; };
		BE4042612C6B743600E2B675 /* SM3DInfoViewModel.swift */ = {isa = PBXFileReference; lastKnownFileType = sourcecode.swift; path = SM3DInfoViewModel.swift; sourceTree = "<group>"; };
		BE4042632C6B745200E2B675 /* SM3DSkeleton.swift */ = {isa = PBXFileReference; lastKnownFileType = sourcecode.swift; path = SM3DSkeleton.swift; sourceTree = "<group>"; };
		BE4042652C6B74E100E2B675 /* SM3DExerciseViewController.swift */ = {isa = PBXFileReference; lastKnownFileType = sourcecode.swift; path = SM3DExerciseViewController.swift; sourceTree = "<group>"; };
		BE4042672C6B768000E2B675 /* WelcomeViewController.swift */ = {isa = PBXFileReference; lastKnownFileType = sourcecode.swift; path = WelcomeViewController.swift; sourceTree = "<group>"; };
		BE4042692C6B7AEC00E2B675 /* WelcomeView.swift */ = {isa = PBXFileReference; lastKnownFileType = sourcecode.swift; path = WelcomeView.swift; sourceTree = "<group>"; };
		BE4B12E72CB7D980008F2131 /* KitDataHolder.swift */ = {isa = PBXFileReference; lastKnownFileType = sourcecode.swift; path = KitDataHolder.swift; sourceTree = "<group>"; };
		BEB762E52C36892A009222EA /* AuthManager.swift */ = {isa = PBXFileReference; fileEncoding = 4; lastKnownFileType = sourcecode.swift; path = AuthManager.swift; sourceTree = "<group>"; };
		BEB762E72C36892A009222EA /* ExerciseIndicatorView.swift */ = {isa = PBXFileReference; fileEncoding = 4; lastKnownFileType = sourcecode.swift; path = ExerciseIndicatorView.swift; sourceTree = "<group>"; };
		BEB762E82C36892A009222EA /* ExerciseTimerView.swift */ = {isa = PBXFileReference; fileEncoding = 4; lastKnownFileType = sourcecode.swift; path = ExerciseTimerView.swift; sourceTree = "<group>"; };
		BEB762E92C36892A009222EA /* ExerciseView.swift */ = {isa = PBXFileReference; fileEncoding = 4; lastKnownFileType = sourcecode.swift; path = ExerciseView.swift; sourceTree = "<group>"; };
		BEB762EA2C36892A009222EA /* StrokeModifier.swift */ = {isa = PBXFileReference; fileEncoding = 4; lastKnownFileType = sourcecode.swift; path = StrokeModifier.swift; sourceTree = "<group>"; };
		BEB762EB2C36892A009222EA /* SummaryScreen.swift */ = {isa = PBXFileReference; fileEncoding = 4; lastKnownFileType = sourcecode.swift; path = SummaryScreen.swift; sourceTree = "<group>"; };
		BEB762EC2C36892A009222EA /* Pre2DExerciseView.swift */ = {isa = PBXFileReference; fileEncoding = 4; lastKnownFileType = sourcecode.swift; path = Pre2DExerciseView.swift; sourceTree = "<group>"; };
		BEB762ED2C36892A009222EA /* Pre2DExerciseViewController.swift */ = {isa = PBXFileReference; fileEncoding = 4; lastKnownFileType = sourcecode.swift; path = Pre2DExerciseViewController.swift; sourceTree = "<group>"; };
		BEB762F72C368973009222EA /* ExerciseViewController.swift */ = {isa = PBXFileReference; fileEncoding = 4; lastKnownFileType = sourcecode.swift; path = ExerciseViewController.swift; sourceTree = "<group>"; };
		BEC098392BCD1D5100E47B8F /* SMKitDemo.app */ = {isa = PBXFileReference; explicitFileType = wrapper.application; includeInIndex = 0; path = SMKitDemo.app; sourceTree = BUILT_PRODUCTS_DIR; };
		BEC0983C2BCD1D5100E47B8F /* AppDelegate.swift */ = {isa = PBXFileReference; lastKnownFileType = sourcecode.swift; path = AppDelegate.swift; sourceTree = "<group>"; };
		BEC0983E2BCD1D5100E47B8F /* SceneDelegate.swift */ = {isa = PBXFileReference; lastKnownFileType = sourcecode.swift; path = SceneDelegate.swift; sourceTree = "<group>"; };
		BEC098402BCD1D5100E47B8F /* ViewController.swift */ = {isa = PBXFileReference; lastKnownFileType = sourcecode.swift; path = ViewController.swift; sourceTree = "<group>"; };
		BEC098432BCD1D5100E47B8F /* Base */ = {isa = PBXFileReference; lastKnownFileType = file.storyboard; name = Base; path = Base.lproj/Main.storyboard; sourceTree = "<group>"; };
		BEC098452BCD1D5200E47B8F /* Assets.xcassets */ = {isa = PBXFileReference; lastKnownFileType = folder.assetcatalog; path = Assets.xcassets; sourceTree = "<group>"; };
		BEC098482BCD1D5200E47B8F /* Base */ = {isa = PBXFileReference; lastKnownFileType = file.storyboard; name = Base; path = Base.lproj/LaunchScreen.storyboard; sourceTree = "<group>"; };
		BEC0984A2BCD1D5200E47B8F /* Info.plist */ = {isa = PBXFileReference; lastKnownFileType = text.plist.xml; path = Info.plist; sourceTree = "<group>"; };
/* End PBXFileReference section */

/* Begin PBXFrameworksBuildPhase section */
		BEC098362BCD1D5100E47B8F /* Frameworks */ = {
			isa = PBXFrameworksBuildPhase;
			buildActionMask = 2147483647;
			files = (
				AA1111112BCD1D5100E47B8F /* SMKitPackage in Frameworks */,
				AA2222212BCD1D5100E47B8F /* SMBasePackage in Frameworks */,
			);
			runOnlyForDeploymentPostprocessing = 0;
		};
/* End PBXFrameworksBuildPhase section */

/* Begin PBXGroup section */
		138495C9D6159E124C266E3F /* Pods */ = {
			isa = PBXGroup;
			children = (
			);
			path = Pods;
			sourceTree = "<group>";
		};
		BE40425C2C6B73C100E2B675 /* 3D */ = {
			isa = PBXGroup;
			children = (
				BE4042612C6B743600E2B675 /* SM3DInfoViewModel.swift */,
				BE4042632C6B745200E2B675 /* SM3DSkeleton.swift */,
				BE4042652C6B74E100E2B675 /* SM3DExerciseViewController.swift */,
			);
			path = 3D;
			sourceTree = "<group>";
		};
		BE4B12E62CB7D96E008F2131 /* Data */ = {
			isa = PBXGroup;
			children = (
				BE4B12E72CB7D980008F2131 /* KitDataHolder.swift */,
			);
			path = Data;
			sourceTree = "<group>";
		};
		BEB762E62C36892A009222EA /* Managers */ = {
			isa = PBXGroup;
			children = (
				BEB762E52C36892A009222EA /* AuthManager.swift */,
			);
			path = Managers;
			sourceTree = "<group>";
		};
		BEB762EE2C36892A009222EA /* UI */ = {
			isa = PBXGroup;
			children = (
				BE40425C2C6B73C100E2B675 /* 3D */,
				BEB762F72C368973009222EA /* ExerciseViewController.swift */,
				BEB762E72C36892A009222EA /* ExerciseIndicatorView.swift */,
				BEB762E82C36892A009222EA /* ExerciseTimerView.swift */,
				BEB762E92C36892A009222EA /* ExerciseView.swift */,
				BEB762EA2C36892A009222EA /* StrokeModifier.swift */,
				BEB762EB2C36892A009222EA /* SummaryScreen.swift */,
				BEB762EC2C36892A009222EA /* Pre2DExerciseView.swift */,
				BEB762ED2C36892A009222EA /* Pre2DExerciseViewController.swift */,
				BE4042672C6B768000E2B675 /* WelcomeViewController.swift */,
				BE4042692C6B7AEC00E2B675 /* WelcomeView.swift */,
			);
			path = UI;
			sourceTree = "<group>";
		};
		BEC098302BCD1D5100E47B8F = {
			isa = PBXGroup;
			children = (
				BEC0983B2BCD1D5100E47B8F /* SMKitDemo */,
				BEC0983A2BCD1D5100E47B8F /* Products */,
				138495C9D6159E124C266E3F /* Pods */,
			);
			sourceTree = "<group>";
		};
		BEC0983A2BCD1D5100E47B8F /* Products */ = {
			isa = PBXGroup;
			children = (
				BEC098392BCD1D5100E47B8F /* SMKitDemo.app */,
			);
			name = Products;
			sourceTree = "<group>";
		};
		BEC0983B2BCD1D5100E47B8F /* SMKitDemo */ = {
			isa = PBXGroup;
			children = (
				BE23AE292D08419800BFAD8B /* SceneKitRecorder.swift */,
				BE23AE272D0840C200BFAD8B /* ViewRecorder.swift */,
				BE23AE252D083F7500BFAD8B /* VideoRecorder.swift */,
				BE4B12E62CB7D96E008F2131 /* Data */,
				BEB762E62C36892A009222EA /* Managers */,
				BEB762EE2C36892A009222EA /* UI */,
				BEC0983C2BCD1D5100E47B8F /* AppDelegate.swift */,
				BEC0983E2BCD1D5100E47B8F /* SceneDelegate.swift */,
				BEC098402BCD1D5100E47B8F /* ViewController.swift */,
				BEC098422BCD1D5100E47B8F /* Main.storyboard */,
				BEC098452BCD1D5200E47B8F /* Assets.xcassets */,
				BEC098472BCD1D5200E47B8F /* LaunchScreen.storyboard */,
				BEC0984A2BCD1D5200E47B8F /* Info.plist */,
			);
			path = SMKitDemo;
			sourceTree = "<group>";
		};
/* End PBXGroup section */

/* Begin PBXNativeTarget section */
		BEC098382BCD1D5100E47B8F /* SMKitDemo */ = {
			isa = PBXNativeTarget;
			buildConfigurationList = BEC0984D2BCD1D5200E47B8F /* Build configuration list for PBXNativeTarget "SMKitDemo" */;
			buildPhases = (
				BEC098352BCD1D5100E47B8F /* Sources */,
				BEC098362BCD1D5100E47B8F /* Frameworks */,
				BEC098372BCD1D5100E47B8F /* Resources */,
			);
			buildRules = (
			);
			dependencies = (
			);
			name = SMKitDemo;
			packageProductDependencies = (
				AA1111102BCD1D5100E47B8F /* SMKitPackage */,
				AA2222202BCD1D5100E47B8F /* SMBasePackage */,
			);
			productName = SMKitDemo;
			productReference = BEC098392BCD1D5100E47B8F /* SMKitDemo.app */;
			productType = "com.apple.product-type.application";
		};
/* End PBXNativeTarget section */

/* Begin PBXProject section */
		BEC098312BCD1D5100E47B8F /* Project object */ = {
			isa = PBXProject;
			attributes = {
				BuildIndependentTargetsInParallel = 1;
				LastSwiftUpdateCheck = 1530;
				LastUpgradeCheck = 1530;
				TargetAttributes = {
					BEC098382BCD1D5100E47B8F = {
						CreatedOnToolsVersion = 15.3;
					};
				};
			};
			buildConfigurationList = BEC098342BCD1D5100E47B8F /* Build configuration list for PBXProject "SMKitDemo" */;
			compatibilityVersion = "Xcode 14.0";
			developmentRegion = en;
			hasScannedForEncodings = 0;
			knownRegions = (
				en,
				Base,
			);
			mainGroup = BEC098302BCD1D5100E47B8F;
			packageReferences = (
				D2A3D5972F39C1D50073000B /* XCRemoteSwiftPackageReference "smkit_package" */,
			);
			productRefGroup = BEC0983A2BCD1D5100E47B8F /* Products */;
			projectDirPath = "";
			projectRoot = "";
			targets = (
				BEC098382BCD1D5100E47B8F /* SMKitDemo */,
			);
		};
/* End PBXProject section */

/* Begin PBXResourcesBuildPhase section */
		BEC098372BCD1D5100E47B8F /* Resources */ = {
			isa = PBXResourcesBuildPhase;
			buildActionMask = 2147483647;
			files = (
				BEC098462BCD1D5200E47B8F /* Assets.xcassets in Resources */,
				BEC098492BCD1D5200E47B8F /* Base in Resources */,
				BEC098442BCD1D5100E47B8F /* Base in Resources */,
			);
			runOnlyForDeploymentPostprocessing = 0;
		};
/* End PBXResourcesBuildPhase section */

/* Begin PBXSourcesBuildPhase section */
		BEC098352BCD1D5100E47B8F /* Sources */ = {
			isa = PBXSourcesBuildPhase;
			buildActionMask = 2147483647;
			files = (
				BE4042662C6B74E100E2B675 /* SM3DExerciseViewController.swift in Sources */,
				BE4042682C6B768000E2B675 /* WelcomeViewController.swift in Sources */,
				BEB762F02C36892A009222EA /* ExerciseIndicatorView.swift in Sources */,
				BEC098412BCD1D5100E47B8F /* ViewController.swift in Sources */,
				BE23AE262D083F7500BFAD8B /* VideoRecorder.swift in Sources */,
				BEB762F52C36892A009222EA /* Pre2DExerciseView.swift in Sources */,
				BE23AE282D0840C200BFAD8B /* ViewRecorder.swift in Sources */,
				BE40426A2C6B7AEC00E2B675 /* WelcomeView.swift in Sources */,
				BEB762EF2C36892A009222EA /* AuthManager.swift in Sources */,
				BE23AE2A2D08419B00BFAD8B /* SceneKitRecorder.swift in Sources */,
				BEB762F62C36892A009222EA /* Pre2DExerciseViewController.swift in Sources */,
				BEC0983D2BCD1D5100E47B8F /* AppDelegate.swift in Sources */,
				BEB762F12C36892A009222EA /* ExerciseTimerView.swift in Sources */,
				BEB762F42C36892A009222EA /* SummaryScreen.swift in Sources */,
				BEB762F22C36892A009222EA /* ExerciseView.swift in Sources */,
				BE4042642C6B745200E2B675 /* SM3DSkeleton.swift in Sources */,
				BEB762F32C36892A009222EA /* StrokeModifier.swift in Sources */,
				BEB762F82C368973009222EA /* ExerciseViewController.swift in Sources */,
				BEC0983F2BCD1D5100E47B8F /* SceneDelegate.swift in Sources */,
				BE4B12E82CB7D982008F2131 /* KitDataHolder.swift in Sources */,
				BE4042622C6B743600E2B675 /* SM3DInfoViewModel.swift in Sources */,
			);
			runOnlyForDeploymentPostprocessing = 0;
		};
/* End PBXSourcesBuildPhase section */

/* Begin PBXVariantGroup section */
		BEC098422BCD1D5100E47B8F /* Main.storyboard */ = {
			isa = PBXVariantGroup;
			children = (
				BEC098432BCD1D5100E47B8F /* Base */,
			);
			name = Main.storyboard;
			sourceTree = "<group>";
		};
		BEC098472BCD1D5200E47B8F /* LaunchScreen.storyboard */ = {
			isa = PBXVariantGroup;
			children = (
				BEC098482BCD1D5200E47B8F /* Base */,
			);
			name = LaunchScreen.storyboard;
			sourceTree = "<group>";
		};
/* End PBXVariantGroup section */

/* Begin XCBuildConfiguration section */
		BEC0984B2BCD1D5200E47B8F /* Debug */ = {
			isa = XCBuildConfiguration;
			buildSettings = {
				ALWAYS_SEARCH_USER_PATHS = NO;
				ASSETCATALOG_COMPILER_GENERATE_SWIFT_ASSET_SYMBOL_EXTENSIONS = YES;
				CLANG_ANALYZER_NONNULL = YES;
				CLANG_ANALYZER_NUMBER_OBJECT_CONVERSION = YES_AGGRESSIVE;
				CLANG_CXX_LANGUAGE_STANDARD = "gnu++20";
				CLANG_ENABLE_MODULES = YES;
				CLANG_ENABLE_OBJC_ARC = YES;
				CLANG_ENABLE_OBJC_WEAK = YES;
				CLANG_WARN_BLOCK_CAPTURE_AUTORELEASING = YES;
				CLANG_WARN_BOOL_CONVERSION = YES;
				CLANG_WARN_COMMA = YES;
				CLANG_WARN_CONSTANT_CONVERSION = YES;
				CLANG_WARN_DEPRECATED_OBJC_IMPLEMENTATIONS = YES;
				CLANG_WARN_DIRECT_OBJC_ISA_USAGE = YES_ERROR;
				CLANG_WARN_DOCUMENTATION_COMMENTS = YES;
				CLANG_WARN_EMPTY_BODY = YES;
				CLANG_WARN_ENUM_CONVERSION = YES;
				CLANG_WARN_INFINITE_RECURSION = YES;
				CLANG_WARN_INT_CONVERSION = YES;
				CLANG_WARN_NON_LITERAL_NULL_CONVERSION = YES;
				CLANG_WARN_OBJC_IMPLICIT_RETAIN_SELF = YES;
				CLANG_WARN_OBJC_LITERAL_CONVERSION = YES;
				CLANG_WARN_OBJC_ROOT_CLASS = YES_ERROR;
				CLANG_WARN_QUOTED_INCLUDE_IN_FRAMEWORK_HEADER = YES;
				CLANG_WARN_RANGE_LOOP_ANALYSIS = YES;
				CLANG_WARN_STRICT_PROTOTYPES = YES;
				CLANG_WARN_SUSPICIOUS_MOVE = YES;
				CLANG_WARN_UNGUARDED_AVAILABILITY = YES_AGGRESSIVE;
				CLANG_WARN_UNREACHABLE_CODE = YES;
				CLANG_WARN__DUPLICATE_METHOD_MATCH = YES;
				COPY_PHASE_STRIP = NO;
				DEBUG_INFORMATION_FORMAT = dwarf;
				ENABLE_STRICT_OBJC_MSGSEND = YES;
				ENABLE_TESTABILITY = YES;
				ENABLE_USER_SCRIPT_SANDBOXING = YES;
				GCC_C_LANGUAGE_STANDARD = gnu17;
				GCC_DYNAMIC_NO_PIC = NO;
				GCC_NO_COMMON_BLOCKS = YES;
				GCC_OPTIMIZATION_LEVEL = 0;
				GCC_PREPROCESSOR_DEFINITIONS = (
					"DEBUG=1",
					"$(inherited)",
				);
				GCC_WARN_64_TO_32_BIT_CONVERSION = YES;
				GCC_WARN_ABOUT_RETURN_TYPE = YES_ERROR;
				GCC_WARN_UNDECLARED_SELECTOR = YES;
				GCC_WARN_UNINITIALIZED_AUTOS = YES_AGGRESSIVE;
				GCC_WARN_UNUSED_FUNCTION = YES;
				GCC_WARN_UNUSED_VARIABLE = YES;
				IPHONEOS_DEPLOYMENT_TARGET = 17.4;
				LOCALIZATION_PREFERS_STRING_CATALOGS = YES;
				MTL_ENABLE_DEBUG_INFO = INCLUDE_SOURCE;
				MTL_FAST_MATH = YES;
				ONLY_ACTIVE_ARCH = YES;
				SDKROOT = iphoneos;
				SWIFT_ACTIVE_COMPILATION_CONDITIONS = "DEBUG $(inherited)";
				SWIFT_OPTIMIZATION_LEVEL = "-Onone";
			};
			name = Debug;
		};
		BEC0984C2BCD1D5200E47B8F /* Release */ = {
			isa = XCBuildConfiguration;
			buildSettings = {
				ALWAYS_SEARCH_USER_PATHS = NO;
				ASSETCATALOG_COMPILER_GENERATE_SWIFT_ASSET_SYMBOL_EXTENSIONS = YES;
				CLANG_ANALYZER_NONNULL = YES;
				CLANG_ANALYZER_NUMBER_OBJECT_CONVERSION = YES_AGGRESSIVE;
				CLANG_CXX_LANGUAGE_STANDARD = "gnu++20";
				CLANG_ENABLE_MODULES = YES;
				CLANG_ENABLE_OBJC_ARC = YES;
				CLANG_ENABLE_OBJC_WEAK = YES;
				CLANG_WARN_BLOCK_CAPTURE_AUTORELEASING = YES;
				CLANG_WARN_BOOL_CONVERSION = YES;
				CLANG_WARN_COMMA = YES;
				CLANG_WARN_CONSTANT_CONVERSION = YES;
				CLANG_WARN_DEPRECATED_OBJC_IMPLEMENTATIONS = YES;
				CLANG_WARN_DIRECT_OBJC_ISA_USAGE = YES_ERROR;
				CLANG_WARN_DOCUMENTATION_COMMENTS = YES;
				CLANG_WARN_EMPTY_BODY = YES;
				CLANG_WARN_ENUM_CONVERSION = YES;
				CLANG_WARN_INFINITE_RECURSION = YES;
				CLANG_WARN_INT_CONVERSION = YES;
				CLANG_WARN_NON_LITERAL_NULL_CONVERSION = YES;
				CLANG_WARN_OBJC_IMPLICIT_RETAIN_SELF = YES;
				CLANG_WARN_OBJC_LITERAL_CONVERSION = YES;
				CLANG_WARN_OBJC_ROOT_CLASS = YES_ERROR;
				CLANG_WARN_QUOTED_INCLUDE_IN_FRAMEWORK_HEADER = YES;
				CLANG_WARN_RANGE_LOOP_ANALYSIS = YES;
				CLANG_WARN_STRICT_PROTOTYPES = YES;
				CLANG_WARN_SUSPICIOUS_MOVE = YES;
				CLANG_WARN_UNGUARDED_AVAILABILITY = YES_AGGRESSIVE;
				CLANG_WARN_UNREACHABLE_CODE = YES;
				CLANG_WARN__DUPLICATE_METHOD_MATCH = YES;
				COPY_PHASE_STRIP = NO;
				DEBUG_INFORMATION_FORMAT = "dwarf-with-dsym";
				ENABLE_NS_ASSERTIONS = NO;
				ENABLE_STRICT_OBJC_MSGSEND = YES;
				ENABLE_USER_SCRIPT_SANDBOXING = YES;
				GCC_C_LANGUAGE_STANDARD = gnu17;
				GCC_NO_COMMON_BLOCKS = YES;
				GCC_WARN_64_TO_32_BIT_CONVERSION = YES;
				GCC_WARN_ABOUT_RETURN_TYPE = YES_ERROR;
				GCC_WARN_UNDECLARED_SELECTOR = YES;
				GCC_WARN_UNINITIALIZED_AUTOS = YES_AGGRESSIVE;
				GCC_WARN_UNUSED_FUNCTION = YES;
				GCC_WARN_UNUSED_VARIABLE = YES;
				IPHONEOS_DEPLOYMENT_TARGET = 17.4;
				LOCALIZATION_PREFERS_STRING_CATALOGS = YES;
				MTL_ENABLE_DEBUG_INFO = NO;
				MTL_FAST_MATH = YES;
				SDKROOT = iphoneos;
				SWIFT_COMPILATION_MODE = wholemodule;
				VALIDATE_PRODUCT = YES;
			};
			name = Release;
		};
		BEC0984E2BCD1D5200E47B8F /* Debug */ = {
			isa = XCBuildConfiguration;
			buildSettings = {
				ASSETCATALOG_COMPILER_APPICON_NAME = AppIcon;
				ASSETCATALOG_COMPILER_GLOBAL_ACCENT_COLOR_NAME = AccentColor;
				CODE_SIGN_STYLE = Automatic;
				CURRENT_PROJECT_VERSION = 1;
				DEVELOPMENT_TEAM = RJZ8GBLWY7;
				ENABLE_DEBUG_DYLIB = NO;
				ENABLE_USER_SCRIPT_SANDBOXING = NO;
				"EXCLUDED_ARCHS[sdk=iphonesimulator*]" = arm64;
				GENERATE_INFOPLIST_FILE = YES;
				INFOPLIST_FILE = SMKitDemo/Info.plist;
				INFOPLIST_KEY_LSSupportsOpeningDocumentsInPlace = YES;
				INFOPLIST_KEY_NSCameraUsageDescription = "For SMKit";
				INFOPLIST_KEY_UIApplicationSupportsIndirectInputEvents = YES;
				INFOPLIST_KEY_UILaunchStoryboardName = LaunchScreen;
				INFOPLIST_KEY_UIMainStoryboardFile = Main;
				INFOPLIST_KEY_UISupportedInterfaceOrientations = UIInterfaceOrientationPortrait;
				IPHONEOS_DEPLOYMENT_TARGET = 16.1;
				LD_RUNPATH_SEARCH_PATHS = (
					"$(inherited)",
					"@executable_path/Frameworks",
				);
				MARKETING_VERSION = 0.3.5;
				PRODUCT_BUNDLE_IDENTIFIER = com.sency.SMKitDemo;
				PRODUCT_NAME = "$(TARGET_NAME)";
				SUPPORTED_PLATFORMS = "iphoneos iphonesimulator";
				SUPPORTS_MACCATALYST = NO;
				SUPPORTS_MAC_DESIGNED_FOR_IPHONE_IPAD = NO;
				SUPPORTS_XR_DESIGNED_FOR_IPHONE_IPAD = NO;
				SWIFT_EMIT_LOC_STRINGS = YES;
				SWIFT_VERSION = 5.0;
				TARGETED_DEVICE_FAMILY = "1,2";
			};
			name = Debug;
		};
		BEC0984F2BCD1D5200E47B8F /* Release */ = {
			isa = XCBuildConfiguration;
			buildSettings = {
				ASSETCATALOG_COMPILER_APPICON_NAME = AppIcon;
				ASSETCATALOG_COMPILER_GLOBAL_ACCENT_COLOR_NAME = AccentColor;
				CODE_SIGN_STYLE = Automatic;
				CURRENT_PROJECT_VERSION = 1;
				DEVELOPMENT_TEAM = RJZ8GBLWY7;
				ENABLE_DEBUG_DYLIB = NO;
				ENABLE_USER_SCRIPT_SANDBOXING = NO;
				"EXCLUDED_ARCHS[sdk=iphonesimulator*]" = arm64;
				GENERATE_INFOPLIST_FILE = YES;
				INFOPLIST_FILE = SMKitDemo/Info.plist;
				INFOPLIST_KEY_LSSupportsOpeningDocumentsInPlace = YES;
				INFOPLIST_KEY_NSCameraUsageDescription = "For SMKit";
				INFOPLIST_KEY_UIApplicationSupportsIndirectInputEvents = YES;
				INFOPLIST_KEY_UILaunchStoryboardName = LaunchScreen;
				INFOPLIST_KEY_UIMainStoryboardFile = Main;
				INFOPLIST_KEY_UISupportedInterfaceOrientations = UIInterfaceOrientationPortrait;
				IPHONEOS_DEPLOYMENT_TARGET = 16.1;
				LD_RUNPATH_SEARCH_PATHS = (
					"$(inherited)",
					"@executable_path/Frameworks",
				);
				MARKETING_VERSION = 0.3.5;
				PRODUCT_BUNDLE_IDENTIFIER = com.sency.SMKitDemo;
				PRODUCT_NAME = "$(TARGET_NAME)";
				SUPPORTED_PLATFORMS = "iphoneos iphonesimulator";
				SUPPORTS_MACCATALYST = NO;
				SUPPORTS_MAC_DESIGNED_FOR_IPHONE_IPAD = NO;
				SUPPORTS_XR_DESIGNED_FOR_IPHONE_IPAD = NO;
				SWIFT_EMIT_LOC_STRINGS = YES;
				SWIFT_VERSION = 5.0;
				TARGETED_DEVICE_FAMILY = "1,2";
			};
			name = Release;
		};
/* End XCBuildConfiguration section */

/* Begin XCConfigurationList section */
		BEC098342BCD1D5100E47B8F /* Build configuration list for PBXProject "SMKitDemo" */ = {
			isa = XCConfigurationList;
			buildConfigurations = (
				BEC0984B2BCD1D5200E47B8F /* Debug */,
				BEC0984C2BCD1D5200E47B8F /* Release */,
			);
			defaultConfigurationIsVisible = 0;
			defaultConfigurationName = Release;
		};
		BEC0984D2BCD1D5200E47B8F /* Build configuration list for PBXNativeTarget "SMKitDemo" */ = {
			isa = XCConfigurationList;
			buildConfigurations = (
				BEC0984E2BCD1D5200E47B8F /* Debug */,
				BEC0984F2BCD1D5200E47B8F /* Release */,
			);
			defaultConfigurationIsVisible = 0;
			defaultConfigurationName = Release;
		};
/* End XCConfigurationList section */

/* Begin XCRemoteSwiftPackageReference section */
		D2A3D5972F39C1D50073000B /* XCRemoteSwiftPackageReference "smkit_package" */ = {
			isa = XCRemoteSwiftPackageReference;
			repositoryURL = "https://bitbucket.org/sencyai/smkit_package";
			requirement = {
				kind = upToNextMajorVersion;
				minimumVersion = 1.4.6;
			};
		};
/* End XCRemoteSwiftPackageReference section */

/* Begin XCSwiftPackageProductDependency section */
		AA1111102BCD1D5100E47B8F /* SMKitPackage */ = {
			isa = XCSwiftPackageProductDependency;
			package = D2A3D5972F39C1D50073000B /* XCRemoteSwiftPackageReference "smkit_package" */;
			productName = SMKitPackage;
		};
		AA2222202BCD1D5100E47B8F /* SMBasePackage */ = {
			isa = XCSwiftPackageProductDependency;
			productName = SMBasePackage;
		};
/* End XCSwiftPackageProductDependency section */
	};
	rootObject = BEC098312BCD1D5100E47B8F /* Project object */;
}
