PODS:
  - SMBase (1.9.1)
  - SMKit (1.9.1):
    - SMBase (= 1.9.1)

DEPENDENCIES:
  - SMKit (= 1.9.1)

SPEC REPOS:
  https://bitbucket.org/sencyai/ios_sdks_release.git:
    - SMBase
    - SMKit

SPEC CHECKSUMS:
  SMBase: 09655e22beb125aa4fe6af912ef97cd67e84a0a4
  SMKit: 255495f14cbd3c169351639432fce2d55484ef8f

PODFILE CHECKSUM: 1f24b8ac451b7054c1bd816fe6278cfd80fbb9f4

COCOAPODS: 1.16.2
