PODS:
  - SMBase (1.5.4)
  - SMKit (1.5.3):
    - SMBase (= 1.5.4)

DEPENDENCIES:
  - SMKit (= 1.5.3)

SPEC REPOS:
  https://bitbucket.org/sencyai/ios_sdks_release.git:
    - SMBase
    - SMKit

SPEC CHECKSUMS:
  SMBase: 14e9c2d7876bba91c86c0cbcf6d1e728e3d03630
  SMKit: d44538500fed03d2cf151e1b4a50c4d8a624e037

PODFILE CHECKSUM: 3b2ca5e53a93694823f34738e593594c24957039

COCOAPODS: 1.16.2
