{
  "originHash" : "754cc41fe1f0fc882b8e3b683799591947fc82a2b34d2db6337e0e1708767efd",
  "pins" : [
    {
      "identity" : "opencv-spm",
      "kind" : "remoteSourceControl",
      "location" : "https://github.com/yeatse/opencv-spm.git",
      "state" : {
        "revision" : "9b5943c3095350dedfb2bebd276f05643b7045d1",
        "version" : "4.11.0"
      }
    },
    {
      "identity" : "smbase_package",
      "kind" : "remoteSourceControl",
      "location" : "https://bitbucket.org/sencyai/smbase_package",
      "state" : {
        "revision" : "c401c46c3087a5696a8daf3bc006e29544ea5ca8",
        "version" : "0.6.6"
      }
    },
    {
      "identity" : "smkit_package",
      "kind" : "remoteSourceControl",
      "location" : "https://bitbucket.org/sencyai/smkit_package",
      "state" : {
        "revision" : "30095ec476fa63c37e4f26de666a8ba668b887b3",
        "version" : "0.3.3"
      }
    },
    {
      "identity" : "swiftyjson",
      "kind" : "remoteSourceControl",
      "location" : "https://github.com/SwiftyJSON/SwiftyJSON.git",
      "state" : {
        "revision" : "af76cf3ef710b6ca5f8c05f3a31307d44a3c5828",
        "version" : "5.0.2"
      }
    }
  ],
  "version" : 3
}
