{
  "originHash" : "c83d98f850162fb3a8c9f2dc19fa2c40e2debb5d51a2492febe5fe1d4786339d",
  "pins" : [
    {
      "identity" : "opencv-spm",
      "kind" : "remoteSourceControl",
      "location" : "https://github.com/yeatse/opencv-spm.git",
      "state" : {
        "revision" : "dd26dba92773b39488768888c107e5ef6b0e7c1b",
        "version" : "4.10.0"
      }
    },
    {
      "identity" : "smbase_dev_package",
      "kind" : "remoteSourceControl",
      "location" : "https://bitbucket.org/sencyai/smbase_dev_package",
      "state" : {
        "revision" : "36ddebcfc62651fa067d647e0214bb2bd5dfcbf7",
        "version" : "0.5.8-2"
      }
    },
    {
      "identity" : "smkit_dev_package",
      "kind" : "remoteSourceControl",
      "location" : "https://bitbucket.org/sencyai/smkit_dev_package",
      "state" : {
        "revision" : "9cceadfee31ecf95d0813db1d0627a6cc3806750",
        "version" : "0.2.5-2"
      }
    },
    {
      "identity" : "swiftyjson",
      "kind" : "remoteSourceControl",
      "location" : "https://github.com/SwiftyJSON/SwiftyJSON.git",
      "state" : {
        "revision" : "af76cf3ef710b6ca5f8c05f3a31307d44a3c5828",
        "version" : "5.0.2"
      }
    }
  ],
  "version" : 3
}
