{
  "originHash" : "754cc41fe1f0fc882b8e3b683799591947fc82a2b34d2db6337e0e1708767efd",
  "pins" : [
    {
      "identity" : "opencv-spm",
      "kind" : "remoteSourceControl",
      "location" : "https://github.com/yeatse/opencv-spm.git",
      "state" : {
        "revision" : "ed61dc59456dce41d36de0817a89e367c1bf8849",
        "version" : "4.10.0"
      }
    },
    {
      "identity" : "smbase_package",
      "kind" : "remoteSourceControl",
      "location" : "https://bitbucket.org/sencyai/smbase_package",
      "state" : {
        "revision" : "3d8aca6b57821e4865b01c45aaa6dcc9ac9023c3",
        "version" : "1.9.8"
      }
    },
    {
      "identity" : "smkit_package",
      "kind" : "remoteSourceControl",
      "location" : "https://bitbucket.org/sencyai/smkit_package",
      "state" : {
        "revision" : "c81eade4cf1499fce87146849df52a93f1c2d899",
        "version" : "1.9.8"
      }
    }
  ],
  "version" : 3
}
