{
  "originHash" : "754cc41fe1f0fc882b8e3b683799591947fc82a2b34d2db6337e0e1708767efd",
  "pins" : [
    {
      "identity" : "opencv-spm",
      "kind" : "remoteSourceControl",
      "location" : "https://github.com/yeatse/opencv-spm.git",
      "state" : {
        "revision" : "ed61dc59456dce41d36de0817a89e367c1bf8849",
        "version" : "4.10.0"
      }
    },
    {
      "identity" : "smbase_package",
      "kind" : "remoteSourceControl",
      "location" : "https://bitbucket.org/sencyai/smbase_package",
      "state" : {
        "revision" : "8c63d4ec2f297c595e44433d0f589b0e968f0ce8",
        "version" : "0.5.2-logs"
      }
    },
    {
      "identity" : "smkit_package",
      "kind" : "remoteSourceControl",
      "location" : "https://bitbucket.org/sencyai/smkit_package",
      "state" : {
        "revision" : "7e836796da86efb5cff4efffdd21abc2b610d769",
        "version" : "0.1.9-logs"
      }
    },
    {
      "identity" : "swiftyjson",
      "kind" : "remoteSourceControl",
      "location" : "https://github.com/SwiftyJSON/SwiftyJSON.git",
      "state" : {
        "revision" : "af76cf3ef710b6ca5f8c05f3a31307d44a3c5828",
        "version" : "5.0.2"
      }
    }
  ],
  "version" : 3
}
